
Microsoft Visual Studio Solution File, Format Version 12.00
# Visual Studio Version 16
VisualStudioVersion = 16.0.30114.105
MinimumVisualStudioVersion = 10.0.40219.1
Project("{FAE04EC0-301F-11D3-BF4B-00C04F79EFBC}") = "ExcelTask", "ExcelTask\ExcelTask.csproj", "{8BACE604-90C9-41DD-BD2B-D96D61D552D8}"
EndProject
Project("{FAE04EC0-301F-11D3-BF4B-00C04F79EFBC}") = "testExel", "testExel\testExel.csproj", "{0D71E4F9-2B21-4DCF-98A1-3FDBC15FC2CA}"
EndProject
Global
	GlobalSection(SolutionConfigurationPlatforms) = preSolution
		Debug|Any CPU = Debug|Any CPU
		Release|Any CPU = Release|Any CPU
	EndGlobalSection
	GlobalSection(SolutionProperties) = preSolution
		HideSolutionNode = FALSE
	EndGlobalSection
	GlobalSection(ProjectConfigurationPlatforms) = postSolution
		{8BACE604-90C9-41DD-BD2B-D96D61D552D8}.Debug|Any CPU.ActiveCfg = Debug|Any CPU
		{8BACE604-90C9-41DD-BD2B-D96D61D552D8}.Debug|Any CPU.Build.0 = Debug|Any CPU
		{8BACE604-90C9-41DD-BD2B-D96D61D552D8}.Release|Any CPU.ActiveCfg = Release|Any CPU
		{8BACE604-90C9-41DD-BD2B-D96D61D552D8}.Release|Any CPU.Build.0 = Release|Any CPU
		{0D71E4F9-2B21-4DCF-98A1-3FDBC15FC2CA}.Debug|Any CPU.ActiveCfg = Debug|Any CPU
		{0D71E4F9-2B21-4DCF-98A1-3FDBC15FC2CA}.Debug|Any CPU.Build.0 = Debug|Any CPU
		{0D71E4F9-2B21-4DCF-98A1-3FDBC15FC2CA}.Release|Any CPU.ActiveCfg = Release|Any CPU
		{0D71E4F9-2B21-4DCF-98A1-3FDBC15FC2CA}.Release|Any CPU.Build.0 = Release|Any CPU
	EndGlobalSection
EndGlobal
